// !$*UTF8*$!
{
	archiveVersion = 1;
	classes = {
	};
	objectVersion = 46;
	objects = {

/* Begin PBXBuildFile section */
		4FC10DF41BF668DE0020A7FF /* main.m in Sources */ = {isa = PBXBuildFile; fileRef = 4FC10DF31BF668DE0020A7FF /* main.m */; };
		4FC10DF71BF668DE0020A7FF /* AppDelegate.m in Sources */ = {isa = PBXBuildFile; fileRef = 4FC10DF61BF668DE0020A7FF /* AppDelegate.m */; };
		4FC10DFD1BF668DE0020A7FF /* Main.storyboard in Resources */ = {isa = PBXBuildFile; fileRef = 4FC10DFB1BF668DE0020A7FF /* Main.storyboard */; };
		4FC10DFF1BF668DE0020A7FF /* Assets.xcassets in Resources */ = {isa = PBXBuildFile; fileRef = 4FC10DFE1BF668DE0020A7FF /* Assets.xcassets */; };
		4FC10E021BF668DE0020A7FF /* LaunchScreen.storyboard in Resources */ = {isa = PBXBuildFile; fileRef = 4FC10E001BF668DE0020A7FF /* LaunchScreen.storyboard */; };
		4FC10E0B1BF66A2C0020A7FF /* FilterPhotoViewController.m in Sources */ = {isa = PBXBuildFile; fileRef = 4FC10E0A1BF66A2C0020A7FF /* FilterPhotoViewController.m */; };
		4FC10E0E1BF6F63B0020A7FF /* CIFilter+SpExtention.m in Sources */ = {isa = PBXBuildFile; fileRef = 4FC10E0D1BF6F63B0020A7FF /* CIFilter+SpExtention.m */; };
		BC46C56CB84C180EA67B3067 /* libPods-CoreImageDemoSeptOktLesson2Level3.a in Frameworks */ = {isa = PBXBuildFile; fileRef = 5725CA8D46A6B5AE72672B4F /* libPods-CoreImageDemoSeptOktLesson2Level3.a */; };
/* End PBXBuildFile section */

/* Begin PBXFileReference section */
		4FC10DEF1BF668DE0020A7FF /* CoreImageDemoSeptOktLesson2Level3.app */ = {isa = PBXFileReference; explicitFileType = wrapper.application; includeInIndex = 0; path = CoreImageDemoSeptOktLesson2Level3.app; sourceTree = BUILT_PRODUCTS_DIR; };
		4FC10DF31BF668DE0020A7FF /* main.m */ = {isa = PBXFileReference; lastKnownFileType = sourcecode.c.objc; path = main.m; sourceTree = "<group>"; };
		4FC10DF51BF668DE0020A7FF /* AppDelegate.h */ = {isa = PBXFileReference; lastKnownFileType = sourcecode.c.h; path = AppDelegate.h; sourceTree = "<group>"; };
		4FC10DF61BF668DE0020A7FF /* AppDelegate.m */ = {isa = PBXFileReference; lastKnownFileType = sourcecode.c.objc; path = AppDelegate.m; sourceTree = "<group>"; };
		4FC10DFC1BF668DE0020A7FF /* Base */ = {isa = PBXFileReference; lastKnownFileType = file.storyboard; name = Base; path = Base.lproj/Main.storyboard; sourceTree = "<group>"; };
		4FC10DFE1BF668DE0020A7FF /* Assets.xcassets */ = {isa = PBXFileReference; lastKnownFileType = folder.assetcatalog; path = Assets.xcassets; sourceTree = "<group>"; };
		4FC10E011BF668DE0020A7FF /* Base */ = {isa = PBXFileReference; lastKnownFileType = file.storyboard; name = Base; path = Base.lproj/LaunchScreen.storyboard; sourceTree = "<group>"; };
		4FC10E031BF668DE0020A7FF /* Info.plist */ = {isa = PBXFileReference; lastKnownFileType = text.plist.xml; path = Info.plist; sourceTree = "<group>"; };
		4FC10E091BF66A2C0020A7FF /* FilterPhotoViewController.h */ = {isa = PBXFileReference; fileEncoding = 4; lastKnownFileType = sourcecode.c.h; path = FilterPhotoViewController.h; sourceTree = "<group>"; };
		4FC10E0A1BF66A2C0020A7FF /* FilterPhotoViewController.m */ = {isa = PBXFileReference; fileEncoding = 4; lastKnownFileType = sourcecode.c.objc; path = FilterPhotoViewController.m; sourceTree = "<group>"; };
		4FC10E0C1BF6F63B0020A7FF /* CIFilter+SpExtention.h */ = {isa = PBXFileReference; fileEncoding = 4; lastKnownFileType = sourcecode.c.h; path = "CIFilter+SpExtention.h"; sourceTree = "<group>"; };
		4FC10E0D1BF6F63B0020A7FF /* CIFilter+SpExtention.m */ = {isa = PBXFileReference; fileEncoding = 4; lastKnownFileType = sourcecode.c.objc; path = "CIFilter+SpExtention.m"; sourceTree = "<group>"; };
		5725CA8D46A6B5AE72672B4F /* libPods-CoreImageDemoSeptOktLesson2Level3.a */ = {isa = PBXFileReference; explicitFileType = archive.ar; includeInIndex = 0; path = "libPods-CoreImageDemoSeptOktLesson2Level3.a"; sourceTree = BUILT_PRODUCTS_DIR; };
		D0F8A90A4D5EFA0877EF88C8 /* Pods-CoreImageDemoSeptOktLesson2Level3.release.xcconfig */ = {isa = PBXFileReference; includeInIndex = 1; lastKnownFileType = text.xcconfig; name = "Pods-CoreImageDemoSeptOktLesson2Level3.release.xcconfig"; path = "Pods/Target Support Files/Pods-CoreImageDemoSeptOktLesson2Level3/Pods-CoreImageDemoSeptOktLesson2Level3.release.xcconfig"; sourceTree = "<group>"; };
		FBD245411B10D2315F96F220 /* Pods-CoreImageDemoSeptOktLesson2Level3.debug.xcconfig */ = {isa = PBXFileReference; includeInIndex = 1; lastKnownFileType = text.xcconfig; name = "Pods-CoreImageDemoSeptOktLesson2Level3.debug.xcconfig"; path = "Pods/Target Support Files/Pods-CoreImageDemoSeptOktLesson2Level3/Pods-CoreImageDemoSeptOktLesson2Level3.debug.xcconfig"; sourceTree = "<group>"; };
/* End PBXFileReference section */

/* Begin PBXFrameworksBuildPhase section */
		4FC10DEC1BF668DE0020A7FF /* Frameworks */ = {
			isa = PBXFrameworksBuildPhase;
			buildActionMask = 2147483647;
			files = (
				BC46C56CB84C180EA67B3067 /* libPods-CoreImageDemoSeptOktLesson2Level3.a in Frameworks */,
			);
			runOnlyForDeploymentPostprocessing = 0;
		};
/* End PBXFrameworksBuildPhase section */

/* Begin PBXGroup section */
		4FC10DE61BF668DE0020A7FF = {
			isa = PBXGroup;
			children = (
				4FC10DF11BF668DE0020A7FF /* CoreImageDemoSeptOktLesson2Level3 */,
				4FC10DF01BF668DE0020A7FF /* Products */,
				743790D930223492CFFA8650 /* Pods */,
				62C9A973636BB72BC0B7D784 /* Frameworks */,
			);
			sourceTree = "<group>";
		};
		4FC10DF01BF668DE0020A7FF /* Products */ = {
			isa = PBXGroup;
			children = (
				4FC10DEF1BF668DE0020A7FF /* CoreImageDemoSeptOktLesson2Level3.app */,
			);
			name = Products;
			sourceTree = "<group>";
		};
		4FC10DF11BF668DE0020A7FF /* CoreImageDemoSeptOktLesson2Level3 */ = {
			isa = PBXGroup;
			children = (
				4FC10E091BF66A2C0020A7FF /* FilterPhotoViewController.h */,
				4FC10E0A1BF66A2C0020A7FF /* FilterPhotoViewController.m */,
				4FC10DF51BF668DE0020A7FF /* AppDelegate.h */,
				4FC10DF61BF668DE0020A7FF /* AppDelegate.m */,
				4FC10DFB1BF668DE0020A7FF /* Main.storyboard */,
				4FC10E0C1BF6F63B0020A7FF /* CIFilter+SpExtention.h */,
				4FC10E0D1BF6F63B0020A7FF /* CIFilter+SpExtention.m */,
				4FC10DFE1BF668DE0020A7FF /* Assets.xcassets */,
				4FC10E001BF668DE0020A7FF /* LaunchScreen.storyboard */,
				4FC10E031BF668DE0020A7FF /* Info.plist */,
				4FC10DF21BF668DE0020A7FF /* Supporting Files */,
			);
			path = CoreImageDemoSeptOktLesson2Level3;
			sourceTree = "<group>";
		};
		4FC10DF21BF668DE0020A7FF /* Supporting Files */ = {
			isa = PBXGroup;
			children = (
				4FC10DF31BF668DE0020A7FF /* main.m */,
			);
			name = "Supporting Files";
			sourceTree = "<group>";
		};
		62C9A973636BB72BC0B7D784 /* Frameworks */ = {
			isa = PBXGroup;
			children = (
				5725CA8D46A6B5AE72672B4F /* libPods-CoreImageDemoSeptOktLesson2Level3.a */,
			);
			name = Frameworks;
			sourceTree = "<group>";
		};
		743790D930223492CFFA8650 /* Pods */ = {
			isa = PBXGroup;
			children = (
				FBD245411B10D2315F96F220 /* Pods-CoreImageDemoSeptOktLesson2Level3.debug.xcconfig */,
				D0F8A90A4D5EFA0877EF88C8 /* Pods-CoreImageDemoSeptOktLesson2Level3.release.xcconfig */,
			);
			name = Pods;
			sourceTree = "<group>";
		};
/* End PBXGroup section */

/* Begin PBXNativeTarget section */
		4FC10DEE1BF668DE0020A7FF /* CoreImageDemoSeptOktLesson2Level3 */ = {
			isa = PBXNativeTarget;
			buildConfigurationList = 4FC10E061BF668DE0020A7FF /* Build configuration list for PBXNativeTarget "CoreImageDemoSeptOktLesson2Level3" */;
			buildPhases = (
				B067ECCA396B5C121E66A0AD /* Check Pods Manifest.lock */,
				4FC10DEB1BF668DE0020A7FF /* Sources */,
				4FC10DEC1BF668DE0020A7FF /* Frameworks */,
				4FC10DED1BF668DE0020A7FF /* Resources */,
				510E5AC9AB19433E1E6A6DFE /* Embed Pods Frameworks */,
				71DAE94A3BAC80D56CDC51C1 /* Copy Pods Resources */,
			);
			buildRules = (
			);
			dependencies = (
			);
			name = CoreImageDemoSeptOktLesson2Level3;
			productName = CoreImageDemoSeptOktLesson2Level3;
			productReference = 4FC10DEF1BF668DE0020A7FF /* CoreImageDemoSeptOktLesson2Level3.app */;
			productType = "com.apple.product-type.application";
		};
/* End PBXNativeTarget section */

/* Begin PBXProject section */
		4FC10DE71BF668DE0020A7FF /* Project object */ = {
			isa = PBXProject;
			attributes = {
				LastUpgradeCheck = 0710;
				ORGANIZATIONNAME = "Nikolay Shubenkov";
				TargetAttributes = {
					4FC10DEE1BF668DE0020A7FF = {
						CreatedOnToolsVersion = 7.1.1;
					};
				};
			};
			buildConfigurationList = 4FC10DEA1BF668DE0020A7FF /* Build configuration list for PBXProject "CoreImageDemoSeptOktLesson2Level3" */;
			compatibilityVersion = "Xcode 3.2";
			developmentRegion = English;
			hasScannedForEncodings = 0;
			knownRegions = (
				en,
				Base,
			);
			mainGroup = 4FC10DE61BF668DE0020A7FF;
			productRefGroup = 4FC10DF01BF668DE0020A7FF /* Products */;
			projectDirPath = "";
			projectRoot = "";
			targets = (
				4FC10DEE1BF668DE0020A7FF /* CoreImageDemoSeptOktLesson2Level3 */,
			);
		};
/* End PBXProject section */

/* Begin PBXResourcesBuildPhase section */
		4FC10DED1BF668DE0020A7FF /* Resources */ = {
			isa = PBXResourcesBuildPhase;
			buildActionMask = 2147483647;
			files = (
				4FC10E021BF668DE0020A7FF /* LaunchScreen.storyboard in Resources */,
				4FC10DFF1BF668DE0020A7FF /* Assets.xcassets in Resources */,
				4FC10DFD1BF668DE0020A7FF /* Main.storyboard in Resources */,
			);
			runOnlyForDeploymentPostprocessing = 0;
		};
/* End PBXResourcesBuildPhase section */

/* Begin PBXShellScriptBuildPhase section */
		510E5AC9AB19433E1E6A6DFE /* Embed Pods Frameworks */ = {
			isa = PBXShellScriptBuildPhase;
			buildActionMask = 2147483647;
			files = (
			);
			inputPaths = (
			);
			name = "Embed Pods Frameworks";
			outputPaths = (
			);
			runOnlyForDeploymentPostprocessing = 0;
			shellPath = /bin/sh;
			shellScript = "\"${SRCROOT}/Pods/Target Support Files/Pods-CoreImageDemoSeptOktLesson2Level3/Pods-CoreImageDemoSeptOktLesson2Level3-frameworks.sh\"\n";
			showEnvVarsInLog = 0;
		};
		71DAE94A3BAC80D56CDC51C1 /* Copy Pods Resources */ = {
			isa = PBXShellScriptBuildPhase;
			buildActionMask = 2147483647;
			files = (
			);
			inputPaths = (
			);
			name = "Copy Pods Resources";
			outputPaths = (
			);
			runOnlyForDeploymentPostprocessing = 0;
			shellPath = /bin/sh;
			shellScript = "\"${SRCROOT}/Pods/Target Support Files/Pods-CoreImageDemoSeptOktLesson2Level3/Pods-CoreImageDemoSeptOktLesson2Level3-resources.sh\"\n";
			showEnvVarsInLog = 0;
		};
		B067ECCA396B5C121E66A0AD /* Check Pods Manifest.lock */ = {
			isa = PBXShellScriptBuildPhase;
			buildActionMask = 2147483647;
			files = (
			);
			inputPaths = (
			);
			name = "Check Pods Manifest.lock";
			outputPaths = (
			);
			runOnlyForDeploymentPostprocessing = 0;
			shellPath = /bin/sh;
			shellScript = "diff \"${PODS_ROOT}/../Podfile.lock\" \"${PODS_ROOT}/Manifest.lock\" > /dev/null\nif [[ $? != 0 ]] ; then\n    cat << EOM\nerror: The sandbox is not in sync with the Podfile.lock. Run 'pod install' or update your CocoaPods installation.\nEOM\n    exit 1\nfi\n";
			showEnvVarsInLog = 0;
		};
/* End PBXShellScriptBuildPhase section */

/* Begin PBXSourcesBuildPhase section */
		4FC10DEB1BF668DE0020A7FF /* Sources */ = {
			isa = PBXSourcesBuildPhase;
			buildActionMask = 2147483647;
			files = (
				4FC10DF71BF668DE0020A7FF /* AppDelegate.m in Sources */,
				4FC10E0B1BF66A2C0020A7FF /* FilterPhotoViewController.m in Sources */,
				4FC10DF41BF668DE0020A7FF /* main.m in Sources */,
				4FC10E0E1BF6F63B0020A7FF /* CIFilter+SpExtention.m in Sources */,
			);
			runOnlyForDeploymentPostprocessing = 0;
		};
/* End PBXSourcesBuildPhase section */

/* Begin PBXVariantGroup section */
		4FC10DFB1BF668DE0020A7FF /* Main.storyboard */ = {
			isa = PBXVariantGroup;
			children = (
				4FC10DFC1BF668DE0020A7FF /* Base */,
			);
			name = Main.storyboard;
			sourceTree = "<group>";
		};
		4FC10E001BF668DE0020A7FF /* LaunchScreen.storyboard */ = {
			isa = PBXVariantGroup;
			children = (
				4FC10E011BF668DE0020A7FF /* Base */,
			);
			name = LaunchScreen.storyboard;
			sourceTree = "<group>";
		};
/* End PBXVariantGroup section */

/* Begin XCBuildConfiguration section */
		4FC10E041BF668DE0020A7FF /* Debug */ = {
			isa = XCBuildConfiguration;
			buildSettings = {
				ALWAYS_SEARCH_USER_PATHS = NO;
				CLANG_CXX_LANGUAGE_STANDARD = "gnu++0x";
				CLANG_CXX_LIBRARY = "libc++";
				CLANG_ENABLE_MODULES = YES;
				CLANG_ENABLE_OBJC_ARC = YES;
				CLANG_WARN_BOOL_CONVERSION = YES;
				CLANG_WARN_CONSTANT_CONVERSION = YES;
				CLANG_WARN_DIRECT_OBJC_ISA_USAGE = YES_ERROR;
				CLANG_WARN_EMPTY_BODY = YES;
				CLANG_WARN_ENUM_CONVERSION = YES;
				CLANG_WARN_INT_CONVERSION = YES;
				CLANG_WARN_OBJC_ROOT_CLASS = YES_ERROR;
				CLANG_WARN_UNREACHABLE_CODE = YES;
				CLANG_WARN__DUPLICATE_METHOD_MATCH = YES;
				"CODE_SIGN_IDENTITY[sdk=iphoneos*]" = "iPhone Developer";
				COPY_PHASE_STRIP = NO;
				DEBUG_INFORMATION_FORMAT = dwarf;
				ENABLE_STRICT_OBJC_MSGSEND = YES;
				ENABLE_TESTABILITY = YES;
				GCC_C_LANGUAGE_STANDARD = gnu99;
				GCC_DYNAMIC_NO_PIC = NO;
				GCC_NO_COMMON_BLOCKS = YES;
				GCC_OPTIMIZATION_LEVEL = 0;
				GCC_PREPROCESSOR_DEFINITIONS = (
					"DEBUG=1",
					"$(inherited)",
				);
				GCC_WARN_64_TO_32_BIT_CONVERSION = YES;
				GCC_WARN_ABOUT_RETURN_TYPE = YES_ERROR;
				GCC_WARN_UNDECLARED_SELECTOR = YES;
				GCC_WARN_UNINITIALIZED_AUTOS = YES_AGGRESSIVE;
				GCC_WARN_UNUSED_FUNCTION = YES;
				GCC_WARN_UNUSED_VARIABLE = YES;
				IPHONEOS_DEPLOYMENT_TARGET = 9.1;
				MTL_ENABLE_DEBUG_INFO = YES;
				ONLY_ACTIVE_ARCH = YES;
				SDKROOT = iphoneos;
				TARGETED_DEVICE_FAMILY = "1,2";
			};
			name = Debug;
		};
		4FC10E051BF668DE0020A7FF /* Release */ = {
			isa = XCBuildConfiguration;
			buildSettings = {
				ALWAYS_SEARCH_USER_PATHS = NO;
				CLANG_CXX_LANGUAGE_STANDARD = "gnu++0x";
				CLANG_CXX_LIBRARY = "libc++";
				CLANG_ENABLE_MODULES = YES;
				CLANG_ENABLE_OBJC_ARC = YES;
				CLANG_WARN_BOOL_CONVERSION = YES;
				CLANG_WARN_CONSTANT_CONVERSION = YES;
				CLANG_WARN_DIRECT_OBJC_ISA_USAGE = YES_ERROR;
				CLANG_WARN_EMPTY_BODY = YES;
				CLANG_WARN_ENUM_CONVERSION = YES;
				CLANG_WARN_INT_CONVERSION = YES;
				CLANG_WARN_OBJC_ROOT_CLASS = YES_ERROR;
				CLANG_WARN_UNREACHABLE_CODE = YES;
				CLANG_WARN__DUPLICATE_METHOD_MATCH = YES;
				"CODE_SIGN_IDENTITY[sdk=iphoneos*]" = "iPhone Developer";
				COPY_PHASE_STRIP = NO;
				DEBUG_INFORMATION_FORMAT = "dwarf-with-dsym";
				ENABLE_NS_ASSERTIONS = NO;
				ENABLE_STRICT_OBJC_MSGSEND = YES;
				GCC_C_LANGUAGE_STANDARD = gnu99;
				GCC_NO_COMMON_BLOCKS = YES;
				GCC_WARN_64_TO_32_BIT_CONVERSION = YES;
				GCC_WARN_ABOUT_RETURN_TYPE = YES_ERROR;
				GCC_WARN_UNDECLARED_SELECTOR = YES;
				GCC_WARN_UNINITIALIZED_AUTOS = YES_AGGRESSIVE;
				GCC_WARN_UNUSED_FUNCTION = YES;
				GCC_WARN_UNUSED_VARIABLE = YES;
				IPHONEOS_DEPLOYMENT_TARGET = 9.1;
				MTL_ENABLE_DEBUG_INFO = NO;
				SDKROOT = iphoneos;
				TARGETED_DEVICE_FAMILY = "1,2";
				VALIDATE_PRODUCT = YES;
			};
			name = Release;
		};
		4FC10E071BF668DE0020A7FF /* Debug */ = {
			isa = XCBuildConfiguration;
			baseConfigurationReference = FBD245411B10D2315F96F220 /* Pods-CoreImageDemoSeptOktLesson2Level3.debug.xcconfig */;
			buildSettings = {
				ASSETCATALOG_COMPILER_APPICON_NAME = AppIcon;
				INFOPLIST_FILE = CoreImageDemoSeptOktLesson2Level3/Info.plist;
				LD_RUNPATH_SEARCH_PATHS = "$(inherited) @executable_path/Frameworks";
				PRODUCT_BUNDLE_IDENTIFIER = ias.su.CoreImageDemoSeptOktLesson2Level3;
				PRODUCT_NAME = "$(TARGET_NAME)";
			};
			name = Debug;
		};
		4FC10E081BF668DE0020A7FF /* Release */ = {
			isa = XCBuildConfiguration;
			baseConfigurationReference = D0F8A90A4D5EFA0877EF88C8 /* Pods-CoreImageDemoSeptOktLesson2Level3.release.xcconfig */;
			buildSettings = {
				ASSETCATALOG_COMPILER_APPICON_NAME = AppIcon;
				INFOPLIST_FILE = CoreImageDemoSeptOktLesson2Level3/Info.plist;
				LD_RUNPATH_SEARCH_PATHS = "$(inherited) @executable_path/Frameworks";
				PRODUCT_BUNDLE_IDENTIFIER = ias.su.CoreImageDemoSeptOktLesson2Level3;
				PRODUCT_NAME = "$(TARGET_NAME)";
			};
			name = Release;
		};
/* End XCBuildConfiguration section */

/* Begin XCConfigurationList section */
		4FC10DEA1BF668DE0020A7FF /* Build configuration list for PBXProject "CoreImageDemoSeptOktLesson2Level3" */ = {
			isa = XCConfigurationList;
			buildConfigurations = (
				4FC10E041BF668DE0020A7FF /* Debug */,
				4FC10E051BF668DE0020A7FF /* Release */,
			);
			defaultConfigurationIsVisible = 0;
			defaultConfigurationName = Release;
		};
		4FC10E061BF668DE0020A7FF /* Build configuration list for PBXNativeTarget "CoreImageDemoSeptOktLesson2Level3" */ = {
			isa = XCConfigurationList;
			buildConfigurations = (
				4FC10E071BF668DE0020A7FF /* Debug */,
				4FC10E081BF668DE0020A7FF /* Release */,
			);
			defaultConfigurationIsVisible = 0;
			defaultConfigurationName = Release;
		};
/* End XCConfigurationList section */
	};
	rootObject = 4FC10DE71BF668DE0020A7FF /* Project object */;
}
